{
  "name": "logsphere",
  "lockfileVersion": 3,
  "requires": true,
  "packages": {
    "": {
      "dependencies": {
        "socket": "^1.1.60"
      }
    },
    "node_modules/socket": {
      "version": "1.1.60",
      "resolved": "https://registry.npmjs.org/socket/-/socket-1.1.60.tgz",
      "integrity": "sha512-l/54WUhW2dGT1tdRWUfdaaupRl5J5pGE1TZYTs/vbqpJXZyXsSWYTJMAQyiY+ISguWwAWZklvB7S2cCsqqeUtw==",
      "bin": {
        "socket": "bin/cli.js",
        "socket-npm": "bin/npm-cli.js",
        "socket-npx": "bin/npx-cli.js",
        "socket-pnpm": "bin/pnpm-cli.js",
        "socket-yarn": "bin/yarn-cli.js"
      },
      "engines": {
        "node": ">=18",
        "pnpm": ">=10.16.0"
      }
    }
  }
}
